
Microsoft Visual Studio Solution File, Format Version 12.00
# Visual Studio Version 16
VisualStudioVersion = 16.0.28803.202
MinimumVisualStudioVersion = 10.0.40219.1
Project("{FAE04EC0-301F-11D3-BF4B-00C04F79EFBC}") = "DeviceBatchWPF", "DeviceBatchWPF\DeviceBatchWPF.csproj", "{42E9A56A-5B95-4B66-8051-1FA5E9564FCF}"
EndProject
Global
	GlobalSection(SolutionConfigurationPlatforms) = preSolution
		Debug|Any CPU = Debug|Any CPU
		Release|Any CPU = Release|Any CPU
	EndGlobalSection
	GlobalSection(ProjectConfigurationPlatforms) = postSolution
		{42E9A56A-5B95-4B66-8051-1FA5E9564FCF}.Debug|Any CPU.ActiveCfg = Debug|Any CPU
		{42E9A56A-5B95-4B66-8051-1FA5E9564FCF}.Debug|Any CPU.Build.0 = Debug|Any CPU
		{42E9A56A-5B95-4B66-8051-1FA5E9564FCF}.Release|Any CPU.ActiveCfg = Release|Any CPU
		{42E9A56A-5B95-4B66-8051-1FA5E9564FCF}.Release|Any CPU.Build.0 = Release|Any CPU
	EndGlobalSection
	GlobalSection(SolutionProperties) = preSolution
		HideSolutionNode = FALSE
	EndGlobalSection
	GlobalSection(ExtensibilityGlobals) = postSolution
		SolutionGuid = {6C05CA44-FD0F-4FB4-B025-5AE8ACDD463C}
	EndGlobalSection
EndGlobal
